
Microsoft Visual Studio Solution File, Format Version 12.00
# Visual Studio Version 16
VisualStudioVersion = 16.0.29728.190
MinimumVisualStudioVersion = 10.0.40219.1
Project("{FAE04EC0-301F-11D3-BF4B-00C04F79EFBC}") = "Laboratory work 1 C#", "Laboratory work 1 C#\Laboratory work 1 C#.csproj", "{ADD97DD7-17BC-42A7-A117-5A8F5B787403}"
EndProject
Project("{8BC9CEB8-8B4A-11D0-8D11-00A0C91BC942}") = "Laboratory work 1 C++", "Laboratory work 1 C++\Laboratory work 1 C++.vcxproj", "{0BD35051-490E-49A0-9234-26CC1B3282E0}"
EndProject
Project("{FAE04EC0-301F-11D3-BF4B-00C04F79EFBC}") = "Laboratory work 2 Cs", "Laboratory work 2\Laboratory work 2 Cs.csproj", "{A63E2039-DAA9-456F-A369-986866361FEC}"
EndProject
Project("{8BC9CEB8-8B4A-11D0-8D11-00A0C91BC942}") = "Laboratory work 2 C++", "Laboratory work 2 C++\Laboratory work 2 C++.vcxproj", "{035C27CF-1E22-4C93-9AE3-829A4D6BC8A6}"
EndProject
Project("{FAE04EC0-301F-11D3-BF4B-00C04F79EFBC}") = "Laboratory work 3 Cs", "Laboratory work 3 Cs\Laboratory work 3 Cs.csproj", "{5FFBAF27-8781-42D7-A34B-461CBF06C6E8}"
EndProject
Project("{FAE04EC0-301F-11D3-BF4B-00C04F79EFBC}") = "Laboratory work 4 Cs", "Laboratory work 4 Cs\Laboratory work 4 Cs.csproj", "{440449CA-0D34-4AF5-81FA-64B9D266D7DD}"
EndProject
Project("{8BC9CEB8-8B4A-11D0-8D11-00A0C91BC942}") = "Laboratory work 4 C++", "Laboratory work 4 C++\Laboratory work 4 C++.vcxproj", "{4193FAC6-BE8A-46D8-BA11-2ECF0FD88578}"
EndProject
Global
	GlobalSection(SolutionConfigurationPlatforms) = preSolution
		Debug|Any CPU = Debug|Any CPU
		Debug|x64 = Debug|x64
		Debug|x86 = Debug|x86
		Release|Any CPU = Release|Any CPU
		Release|x64 = Release|x64
		Release|x86 = Release|x86
	EndGlobalSection
	GlobalSection(ProjectConfigurationPlatforms) = postSolution
		{ADD97DD7-17BC-42A7-A117-5A8F5B787403}.Debug|Any CPU.ActiveCfg = Debug|Any CPU
		{ADD97DD7-17BC-42A7-A117-5A8F5B787403}.Debug|Any CPU.Build.0 = Debug|Any CPU
		{ADD97DD7-17BC-42A7-A117-5A8F5B787403}.Debug|x64.ActiveCfg = Debug|Any CPU
		{ADD97DD7-17BC-42A7-A117-5A8F5B787403}.Debug|x64.Build.0 = Debug|Any CPU
		{ADD97DD7-17BC-42A7-A117-5A8F5B787403}.Debug|x86.ActiveCfg = Debug|Any CPU
		{ADD97DD7-17BC-42A7-A117-5A8F5B787403}.Debug|x86.Build.0 = Debug|Any CPU
		{ADD97DD7-17BC-42A7-A117-5A8F5B787403}.Release|Any CPU.ActiveCfg = Release|Any CPU
		{ADD97DD7-17BC-42A7-A117-5A8F5B787403}.Release|Any CPU.Build.0 = Release|Any CPU
		{ADD97DD7-17BC-42A7-A117-5A8F5B787403}.Release|x64.ActiveCfg = Release|Any CPU
		{ADD97DD7-17BC-42A7-A117-5A8F5B787403}.Release|x64.Build.0 = Release|Any CPU
		{ADD97DD7-17BC-42A7-A117-5A8F5B787403}.Release|x86.ActiveCfg = Release|Any CPU
		{ADD97DD7-17BC-42A7-A117-5A8F5B787403}.Release|x86.Build.0 = Release|Any CPU
		{0BD35051-490E-49A0-9234-26CC1B3282E0}.Debug|Any CPU.ActiveCfg = Debug|Win32
		{0BD35051-490E-49A0-9234-26CC1B3282E0}.Debug|x64.ActiveCfg = Debug|x64
		{0BD35051-490E-49A0-9234-26CC1B3282E0}.Debug|x64.Build.0 = Debug|x64
		{0BD35051-490E-49A0-9234-26CC1B3282E0}.Debug|x86.ActiveCfg = Debug|Win32
		{0BD35051-490E-49A0-9234-26CC1B3282E0}.Debug|x86.Build.0 = Debug|Win32
		{0BD35051-490E-49A0-9234-26CC1B3282E0}.Release|Any CPU.ActiveCfg = Release|Win32
		{0BD35051-490E-49A0-9234-26CC1B3282E0}.Release|x64.ActiveCfg = Release|x64
		{0BD35051-490E-49A0-9234-26CC1B3282E0}.Release|x64.Build.0 = Release|x64
		{0BD35051-490E-49A0-9234-26CC1B3282E0}.Release|x86.ActiveCfg = Release|Win32
		{0BD35051-490E-49A0-9234-26CC1B3282E0}.Release|x86.Build.0 = Release|Win32
		{A63E2039-DAA9-456F-A369-986866361FEC}.Debug|Any CPU.ActiveCfg = Debug|Any CPU
		{A63E2039-DAA9-456F-A369-986866361FEC}.Debug|Any CPU.Build.0 = Debug|Any CPU
		{A63E2039-DAA9-456F-A369-986866361FEC}.Debug|x64.ActiveCfg = Debug|Any CPU
		{A63E2039-DAA9-456F-A369-986866361FEC}.Debug|x64.Build.0 = Debug|Any CPU
		{A63E2039-DAA9-456F-A369-986866361FEC}.Debug|x86.ActiveCfg = Debug|Any CPU
		{A63E2039-DAA9-456F-A369-986866361FEC}.Debug|x86.Build.0 = Debug|Any CPU
		{A63E2039-DAA9-456F-A369-986866361FEC}.Release|Any CPU.ActiveCfg = Release|Any CPU
		{A63E2039-DAA9-456F-A369-986866361FEC}.Release|Any CPU.Build.0 = Release|Any CPU
		{A63E2039-DAA9-456F-A369-986866361FEC}.Release|x64.ActiveCfg = Release|Any CPU
		{A63E2039-DAA9-456F-A369-986866361FEC}.Release|x64.Build.0 = Release|Any CPU
		{A63E2039-DAA9-456F-A369-986866361FEC}.Release|x86.ActiveCfg = Release|Any CPU
		{A63E2039-DAA9-456F-A369-986866361FEC}.Release|x86.Build.0 = Release|Any CPU
		{035C27CF-1E22-4C93-9AE3-829A4D6BC8A6}.Debug|Any CPU.ActiveCfg = Debug|Win32
		{035C27CF-1E22-4C93-9AE3-829A4D6BC8A6}.Debug|x64.ActiveCfg = Debug|x64
		{035C27CF-1E22-4C93-9AE3-829A4D6BC8A6}.Debug|x64.Build.0 = Debug|x64
		{035C27CF-1E22-4C93-9AE3-829A4D6BC8A6}.Debug|x86.ActiveCfg = Debug|Win32
		{035C27CF-1E22-4C93-9AE3-829A4D6BC8A6}.Debug|x86.Build.0 = Debug|Win32
		{035C27CF-1E22-4C93-9AE3-829A4D6BC8A6}.Release|Any CPU.ActiveCfg = Release|Win32
		{035C27CF-1E22-4C93-9AE3-829A4D6BC8A6}.Release|x64.ActiveCfg = Release|x64
		{035C27CF-1E22-4C93-9AE3-829A4D6BC8A6}.Release|x64.Build.0 = Release|x64
		{035C27CF-1E22-4C93-9AE3-829A4D6BC8A6}.Release|x86.ActiveCfg = Release|Win32
		{035C27CF-1E22-4C93-9AE3-829A4D6BC8A6}.Release|x86.Build.0 = Release|Win32
		{5FFBAF27-8781-42D7-A34B-461CBF06C6E8}.Debug|Any CPU.ActiveCfg = Debug|Any CPU
		{5FFBAF27-8781-42D7-A34B-461CBF06C6E8}.Debug|Any CPU.Build.0 = Debug|Any CPU
		{5FFBAF27-8781-42D7-A34B-461CBF06C6E8}.Debug|x64.ActiveCfg = Debug|Any CPU
		{5FFBAF27-8781-42D7-A34B-461CBF06C6E8}.Debug|x64.Build.0 = Debug|Any CPU
		{5FFBAF27-8781-42D7-A34B-461CBF06C6E8}.Debug|x86.ActiveCfg = Debug|Any CPU
		{5FFBAF27-8781-42D7-A34B-461CBF06C6E8}.Debug|x86.Build.0 = Debug|Any CPU
		{5FFBAF27-8781-42D7-A34B-461CBF06C6E8}.Release|Any CPU.ActiveCfg = Release|Any CPU
		{5FFBAF27-8781-42D7-A34B-461CBF06C6E8}.Release|Any CPU.Build.0 = Release|Any CPU
		{5FFBAF27-8781-42D7-A34B-461CBF06C6E8}.Release|x64.ActiveCfg = Release|Any CPU
		{5FFBAF27-8781-42D7-A34B-461CBF06C6E8}.Release|x64.Build.0 = Release|Any CPU
		{5FFBAF27-8781-42D7-A34B-461CBF06C6E8}.Release|x86.ActiveCfg = Release|Any CPU
		{5FFBAF27-8781-42D7-A34B-461CBF06C6E8}.Release|x86.Build.0 = Release|Any CPU
		{440449CA-0D34-4AF5-81FA-64B9D266D7DD}.Debug|Any CPU.ActiveCfg = Debug|Any CPU
		{440449CA-0D34-4AF5-81FA-64B9D266D7DD}.Debug|Any CPU.Build.0 = Debug|Any CPU
		{440449CA-0D34-4AF5-81FA-64B9D266D7DD}.Debug|x64.ActiveCfg = Debug|Any CPU
		{440449CA-0D34-4AF5-81FA-64B9D266D7DD}.Debug|x64.Build.0 = Debug|Any CPU
		{440449CA-0D34-4AF5-81FA-64B9D266D7DD}.Debug|x86.ActiveCfg = Debug|Any CPU
		{440449CA-0D34-4AF5-81FA-64B9D266D7DD}.Debug|x86.Build.0 = Debug|Any CPU
		{440449CA-0D34-4AF5-81FA-64B9D266D7DD}.Release|Any CPU.ActiveCfg = Release|Any CPU
		{440449CA-0D34-4AF5-81FA-64B9D266D7DD}.Release|Any CPU.Build.0 = Release|Any CPU
		{440449CA-0D34-4AF5-81FA-64B9D266D7DD}.Release|x64.ActiveCfg = Release|Any CPU
		{440449CA-0D34-4AF5-81FA-64B9D266D7DD}.Release|x64.Build.0 = Release|Any CPU
		{440449CA-0D34-4AF5-81FA-64B9D266D7DD}.Release|x86.ActiveCfg = Release|Any CPU
		{440449CA-0D34-4AF5-81FA-64B9D266D7DD}.Release|x86.Build.0 = Release|Any CPU
		{4193FAC6-BE8A-46D8-BA11-2ECF0FD88578}.Debug|Any CPU.ActiveCfg = Debug|Win32
		{4193FAC6-BE8A-46D8-BA11-2ECF0FD88578}.Debug|x64.ActiveCfg = Debug|x64
		{4193FAC6-BE8A-46D8-BA11-2ECF0FD88578}.Debug|x64.Build.0 = Debug|x64
		{4193FAC6-BE8A-46D8-BA11-2ECF0FD88578}.Debug|x86.ActiveCfg = Debug|Win32
		{4193FAC6-BE8A-46D8-BA11-2ECF0FD88578}.Debug|x86.Build.0 = Debug|Win32
		{4193FAC6-BE8A-46D8-BA11-2ECF0FD88578}.Release|Any CPU.ActiveCfg = Release|Win32
		{4193FAC6-BE8A-46D8-BA11-2ECF0FD88578}.Release|x64.ActiveCfg = Release|x64
		{4193FAC6-BE8A-46D8-BA11-2ECF0FD88578}.Release|x64.Build.0 = Release|x64
		{4193FAC6-BE8A-46D8-BA11-2ECF0FD88578}.Release|x86.ActiveCfg = Release|Win32
		{4193FAC6-BE8A-46D8-BA11-2ECF0FD88578}.Release|x86.Build.0 = Release|Win32
	EndGlobalSection
	GlobalSection(SolutionProperties) = preSolution
		HideSolutionNode = FALSE
	EndGlobalSection
	GlobalSection(ExtensibilityGlobals) = postSolution
		SolutionGuid = {D3EDD039-9968-49B2-81FD-033D9C176A7E}
	EndGlobalSection
EndGlobal
